
Microsoft Visual Studio Solution File, Format Version 12.00
# Visual Studio Version 16
VisualStudioVersion = 16.0.30523.141
MinimumVisualStudioVersion = 10.0.40219.1
Project("{FAE04EC0-301F-11D3-BF4B-00C04F79EFBC}") = "DataLink_Sage50_ReportsV5_Generator", "DataLink_Sage50_ReportsV5_Generator\DataLink_Sage50_ReportsV5_Generator.csproj", "{FCF9BB57-189B-4A8B-ACC5-A967757A6D2E}"
EndProject
Global
	GlobalSection(SolutionConfigurationPlatforms) = preSolution
		Debug|Any CPU = Debug|Any CPU
		Release|Any CPU = Release|Any CPU
	EndGlobalSection
	GlobalSection(ProjectConfigurationPlatforms) = postSolution
		{FCF9BB57-189B-4A8B-ACC5-A967757A6D2E}.Debug|Any CPU.ActiveCfg = Debug|Any CPU
		{FCF9BB57-189B-4A8B-ACC5-A967757A6D2E}.Debug|Any CPU.Build.0 = Debug|Any CPU
		{FCF9BB57-189B-4A8B-ACC5-A967757A6D2E}.Release|Any CPU.ActiveCfg = Release|Any CPU
		{FCF9BB57-189B-4A8B-ACC5-A967757A6D2E}.Release|Any CPU.Build.0 = Release|Any CPU
	EndGlobalSection
	GlobalSection(SolutionProperties) = preSolution
		HideSolutionNode = FALSE
	EndGlobalSection
	GlobalSection(ExtensibilityGlobals) = postSolution
		SolutionGuid = {E85C4911-3D87-4C50-B57D-20CAB55F19D7}
	EndGlobalSection
EndGlobal
